// !$*UTF8*$!
{
	archiveVersion = 1;
	classes = {
	};
	objectVersion = 56;
	objects = {

/* Begin PBXBuildFile section */
		A14960DD2947684F00691087 /* MediaSearchApp.swift in Sources */ = {isa = PBXBuildFile; fileRef = A14960DC2947684F00691087 /* MediaSearchApp.swift */; };
		A14960DF2947684F00691087 /* ContentView.swift in Sources */ = {isa = PBXBuildFile; fileRef = A14960DE2947684F00691087 /* ContentView.swift */; };
		A14960E12947685100691087 /* Assets.xcassets in Resources */ = {isa = PBXBuildFile; fileRef = A14960E02947685100691087 /* Assets.xcassets */; };
		A14960E42947685100691087 /* Preview Assets.xcassets in Resources */ = {isa = PBXBuildFile; fileRef = A14960E32947685100691087 /* Preview Assets.xcassets */; };
		A14960EE2947685100691087 /* MediaSearchTests.swift in Sources */ = {isa = PBXBuildFile; fileRef = A14960ED2947685100691087 /* MediaSearchTests.swift */; };
		A14960F82947685100691087 /* MediaSearchUITests.swift in Sources */ = {isa = PBXBuildFile; fileRef = A14960F72947685100691087 /* MediaSearchUITests.swift */; };
		A14960FA2947685100691087 /* MediaSearchUITestsLaunchTests.swift in Sources */ = {isa = PBXBuildFile; fileRef = A14960F92947685100691087 /* MediaSearchUITestsLaunchTests.swift */; };
/* End PBXBuildFile section */

/* Begin PBXContainerItemProxy section */
		A14960EA2947685100691087 /* PBXContainerItemProxy */ = {
			isa = PBXContainerItemProxy;
			containerPortal = A14960D12947684F00691087 /* Project object */;
			proxyType = 1;
			remoteGlobalIDString = A14960D82947684F00691087;
			remoteInfo = MediaSearch;
		};
		A14960F42947685100691087 /* PBXContainerItemProxy */ = {
			isa = PBXContainerItemProxy;
			containerPortal = A14960D12947684F00691087 /* Project object */;
			proxyType = 1;
			remoteGlobalIDString = A14960D82947684F00691087;
			remoteInfo = MediaSearch;
		};
/* End PBXContainerItemProxy section */

/* Begin PBXFileReference section */
		A14960D92947684F00691087 /* MediaSearch.app */ = {isa = PBXFileReference; explicitFileType = wrapper.application; includeInIndex = 0; path = MediaSearch.app; sourceTree = BUILT_PRODUCTS_DIR; };
		A14960DC2947684F00691087 /* MediaSearchApp.swift */ = {isa = PBXFileReference; lastKnownFileType = sourcecode.swift; path = MediaSearchApp.swift; sourceTree = "<group>"; };
		A14960DE2947684F00691087 /* ContentView.swift */ = {isa = PBXFileReference; lastKnownFileType = sourcecode.swift; path = ContentView.swift; sourceTree = "<group>"; };
		A14960E02947685100691087 /* Assets.xcassets */ = {isa = PBXFileReference; lastKnownFileType = folder.assetcatalog; path = Assets.xcassets; sourceTree = "<group>"; };
		A14960E32947685100691087 /* Preview Assets.xcassets */ = {isa = PBXFileReference; lastKnownFileType = folder.assetcatalog; path = "Preview Assets.xcassets"; sourceTree = "<group>"; };
		A14960E92947685100691087 /* MediaSearchTests.xctest */ = {isa = PBXFileReference; explicitFileType = wrapper.cfbundle; includeInIndex = 0; path = MediaSearchTests.xctest; sourceTree = BUILT_PRODUCTS_DIR; };
		A14960ED2947685100691087 /* MediaSearchTests.swift */ = {isa = PBXFileReference; lastKnownFileType = sourcecode.swift; path = MediaSearchTests.swift; sourceTree = "<group>"; };
		A14960F32947685100691087 /* MediaSearchUITests.xctest */ = {isa = PBXFileReference; explicitFileType = wrapper.cfbundle; includeInIndex = 0; path = MediaSearchUITests.xctest; sourceTree = BUILT_PRODUCTS_DIR; };
		A14960F72947685100691087 /* MediaSearchUITests.swift */ = {isa = PBXFileReference; lastKnownFileType = sourcecode.swift; path = MediaSearchUITests.swift; sourceTree = "<group>"; };
		A14960F92947685100691087 /* MediaSearchUITestsLaunchTests.swift */ = {isa = PBXFileReference; lastKnownFileType = sourcecode.swift; path = MediaSearchUITestsLaunchTests.swift; sourceTree = "<group>"; };
/* End PBXFileReference section */

/* Begin PBXFrameworksBuildPhase section */
		A14960D62947684F00691087 /* Frameworks */ = {
			isa = PBXFrameworksBuildPhase;
			buildActionMask = 2147483647;
			files = (
			);
			runOnlyForDeploymentPostprocessing = 0;
		};
		A14960E62947685100691087 /* Frameworks */ = {
			isa = PBXFrameworksBuildPhase;
			buildActionMask = 2147483647;
			files = (
			);
			runOnlyForDeploymentPostprocessing = 0;
		};
		A14960F02947685100691087 /* Frameworks */ = {
			isa = PBXFrameworksBuildPhase;
			buildActionMask = 2147483647;
			files = (
			);
			runOnlyForDeploymentPostprocessing = 0;
		};
/* End PBXFrameworksBuildPhase section */

/* Begin PBXGroup section */
		A14960D02947684F00691087 = {
			isa = PBXGroup;
			children = (
				A14960DB2947684F00691087 /* MediaSearch */,
				A14960EC2947685100691087 /* MediaSearchTests */,
				A14960F62947685100691087 /* MediaSearchUITests */,
				A14960DA2947684F00691087 /* Products */,
			);
			sourceTree = "<group>";
		};
		A14960DA2947684F00691087 /* Products */ = {
			isa = PBXGroup;
			children = (
				A14960D92947684F00691087 /* MediaSearch.app */,
				A14960E92947685100691087 /* MediaSearchTests.xctest */,
				A14960F32947685100691087 /* MediaSearchUITests.xctest */,
			);
			name = Products;
			sourceTree = "<group>";
		};
		A14960DB2947684F00691087 /* MediaSearch */ = {
			isa = PBXGroup;
			children = (
				A14960DC2947684F00691087 /* MediaSearchApp.swift */,
				A14960DE2947684F00691087 /* ContentView.swift */,
				A14960E02947685100691087 /* Assets.xcassets */,
				A14960E22947685100691087 /* Preview Content */,
			);
			path = MediaSearch;
			sourceTree = "<group>";
		};
		A14960E22947685100691087 /* Preview Content */ = {
			isa = PBXGroup;
			children = (
				A14960E32947685100691087 /* Preview Assets.xcassets */,
			);
			path = "Preview Content";
			sourceTree = "<group>";
		};
		A14960EC2947685100691087 /* MediaSearchTests */ = {
			isa = PBXGroup;
			children = (
				A14960ED2947685100691087 /* MediaSearchTests.swift */,
			);
			path = MediaSearchTests;
			sourceTree = "<group>";
		};
		A14960F62947685100691087 /* MediaSearchUITests */ = {
			isa = PBXGroup;
			children = (
				A14960F72947685100691087 /* MediaSearchUITests.swift */,
				A14960F92947685100691087 /* MediaSearchUITestsLaunchTests.swift */,
			);
			path = MediaSearchUITests;
			sourceTree = "<group>";
		};
/* End PBXGroup section */

/* Begin PBXNativeTarget section */
		A14960D82947684F00691087 /* MediaSearch */ = {
			isa = PBXNativeTarget;
			buildConfigurationList = A14960FD2947685100691087 /* Build configuration list for PBXNativeTarget "MediaSearch" */;
			buildPhases = (
				A14960D52947684F00691087 /* Sources */,
				A14960D62947684F00691087 /* Frameworks */,
				A14960D72947684F00691087 /* Resources */,
			);
			buildRules = (
			);
			dependencies = (
			);
			name = MediaSearch;
			productName = MediaSearch;
			productReference = A14960D92947684F00691087 /* MediaSearch.app */;
			productType = "com.apple.product-type.application";
		};
		A14960E82947685100691087 /* MediaSearchTests */ = {
			isa = PBXNativeTarget;
			buildConfigurationList = A14961002947685100691087 /* Build configuration list for PBXNativeTarget "MediaSearchTests" */;
			buildPhases = (
				A14960E52947685100691087 /* Sources */,
				A14960E62947685100691087 /* Frameworks */,
				A14960E72947685100691087 /* Resources */,
			);
			buildRules = (
			);
			dependencies = (
				A14960EB2947685100691087 /* PBXTargetDependency */,
			);
			name = MediaSearchTests;
			productName = MediaSearchTests;
			productReference = A14960E92947685100691087 /* MediaSearchTests.xctest */;
			productType = "com.apple.product-type.bundle.unit-test";
		};
		A14960F22947685100691087 /* MediaSearchUITests */ = {
			isa = PBXNativeTarget;
			buildConfigurationList = A14961032947685100691087 /* Build configuration list for PBXNativeTarget "MediaSearchUITests" */;
			buildPhases = (
				A14960EF2947685100691087 /* Sources */,
				A14960F02947685100691087 /* Frameworks */,
				A14960F12947685100691087 /* Resources */,
			);
			buildRules = (
			);
			dependencies = (
				A14960F52947685100691087 /* PBXTargetDependency */,
			);
			name = MediaSearchUITests;
			productName = MediaSearchUITests;
			productReference = A14960F32947685100691087 /* MediaSearchUITests.xctest */;
			productType = "com.apple.product-type.bundle.ui-testing";
		};
/* End PBXNativeTarget section */

/* Begin PBXProject section */
		A14960D12947684F00691087 /* Project object */ = {
			isa = PBXProject;
			attributes = {
				BuildIndependentTargetsInParallel = 1;
				LastSwiftUpdateCheck = 1400;
				LastUpgradeCheck = 1400;
				TargetAttributes = {
					A14960D82947684F00691087 = {
						CreatedOnToolsVersion = 14.0;
					};
					A14960E82947685100691087 = {
						CreatedOnToolsVersion = 14.0;
						TestTargetID = A14960D82947684F00691087;
					};
					A14960F22947685100691087 = {
						CreatedOnToolsVersion = 14.0;
						TestTargetID = A14960D82947684F00691087;
					};
				};
			};
			buildConfigurationList = A14960D42947684F00691087 /* Build configuration list for PBXProject "MediaSearch" */;
			compatibilityVersion = "Xcode 14.0";
			developmentRegion = en;
			hasScannedForEncodings = 0;
			knownRegions = (
				en,
				Base,
			);
			mainGroup = A14960D02947684F00691087;
			productRefGroup = A14960DA2947684F00691087 /* Products */;
			projectDirPath = "";
			projectRoot = "";
			targets = (
				A14960D82947684F00691087 /* MediaSearch */,
				A14960E82947685100691087 /* MediaSearchTests */,
				A14960F22947685100691087 /* MediaSearchUITests */,
			);
		};
/* End PBXProject section */

/* Begin PBXResourcesBuildPhase section */
		A14960D72947684F00691087 /* Resources */ = {
			isa = PBXResourcesBuildPhase;
			buildActionMask = 2147483647;
			files = (
				A14960E42947685100691087 /* Preview Assets.xcassets in Resources */,
				A14960E12947685100691087 /* Assets.xcassets in Resources */,
			);
			runOnlyForDeploymentPostprocessing = 0;
		};
		A14960E72947685100691087 /* Resources */ = {
			isa = PBXResourcesBuildPhase;
			buildActionMask = 2147483647;
			files = (
			);
			runOnlyForDeploymentPostprocessing = 0;
		};
		A14960F12947685100691087 /* Resources */ = {
			isa = PBXResourcesBuildPhase;
			buildActionMask = 2147483647;
			files = (
			);
			runOnlyForDeploymentPostprocessing = 0;
		};
/* End PBXResourcesBuildPhase section */

/* Begin PBXSourcesBuildPhase section */
		A14960D52947684F00691087 /* Sources */ = {
			isa = PBXSourcesBuildPhase;
			buildActionMask = 2147483647;
			files = (
				A14960DF2947684F00691087 /* ContentView.swift in Sources */,
				A14960DD2947684F00691087 /* MediaSearchApp.swift in Sources */,
			);
			runOnlyForDeploymentPostprocessing = 0;
		};
		A14960E52947685100691087 /* Sources */ = {
			isa = PBXSourcesBuildPhase;
			buildActionMask = 2147483647;
			files = (
				A14960EE2947685100691087 /* MediaSearchTests.swift in Sources */,
			);
			runOnlyForDeploymentPostprocessing = 0;
		};
		A14960EF2947685100691087 /* Sources */ = {
			isa = PBXSourcesBuildPhase;
			buildActionMask = 2147483647;
			files = (
				A14960F82947685100691087 /* MediaSearchUITests.swift in Sources */,
				A14960FA2947685100691087 /* MediaSearchUITestsLaunchTests.swift in Sources */,
			);
			runOnlyForDeploymentPostprocessing = 0;
		};
/* End PBXSourcesBuildPhase section */

/* Begin PBXTargetDependency section */
		A14960EB2947685100691087 /* PBXTargetDependency */ = {
			isa = PBXTargetDependency;
			target = A14960D82947684F00691087 /* MediaSearch */;
			targetProxy = A14960EA2947685100691087 /* PBXContainerItemProxy */;
		};
		A14960F52947685100691087 /* PBXTargetDependency */ = {
			isa = PBXTargetDependency;
			target = A14960D82947684F00691087 /* MediaSearch */;
			targetProxy = A14960F42947685100691087 /* PBXContainerItemProxy */;
		};
/* End PBXTargetDependency section */

/* Begin XCBuildConfiguration section */
		A14960FB2947685100691087 /* Debug */ = {
			isa = XCBuildConfiguration;
			buildSettings = {
				ALWAYS_SEARCH_USER_PATHS = NO;
				CLANG_ANALYZER_NONNULL = YES;
				CLANG_ANALYZER_NUMBER_OBJECT_CONVERSION = YES_AGGRESSIVE;
				CLANG_CXX_LANGUAGE_STANDARD = "gnu++20";
				CLANG_ENABLE_MODULES = YES;
				CLANG_ENABLE_OBJC_ARC = YES;
				CLANG_ENABLE_OBJC_WEAK = YES;
				CLANG_WARN_BLOCK_CAPTURE_AUTORELEASING = YES;
				CLANG_WARN_BOOL_CONVERSION = YES;
				CLANG_WARN_COMMA = YES;
				CLANG_WARN_CONSTANT_CONVERSION = YES;
				CLANG_WARN_DEPRECATED_OBJC_IMPLEMENTATIONS = YES;
				CLANG_WARN_DIRECT_OBJC_ISA_USAGE = YES_ERROR;
				CLANG_WARN_DOCUMENTATION_COMMENTS = YES;
				CLANG_WARN_EMPTY_BODY = YES;
				CLANG_WARN_ENUM_CONVERSION = YES;
				CLANG_WARN_INFINITE_RECURSION = YES;
				CLANG_WARN_INT_CONVERSION = YES;
				CLANG_WARN_NON_LITERAL_NULL_CONVERSION = YES;
				CLANG_WARN_OBJC_IMPLICIT_RETAIN_SELF = YES;
				CLANG_WARN_OBJC_LITERAL_CONVERSION = YES;
				CLANG_WARN_OBJC_ROOT_CLASS = YES_ERROR;
				CLANG_WARN_QUOTED_INCLUDE_IN_FRAMEWORK_HEADER = YES;
				CLANG_WARN_RANGE_LOOP_ANALYSIS = YES;
				CLANG_WARN_STRICT_PROTOTYPES = YES;
				CLANG_WARN_SUSPICIOUS_MOVE = YES;
				CLANG_WARN_UNGUARDED_AVAILABILITY = YES_AGGRESSIVE;
				CLANG_WARN_UNREACHABLE_CODE = YES;
				CLANG_WARN__DUPLICATE_METHOD_MATCH = YES;
				COPY_PHASE_STRIP = NO;
				DEBUG_INFORMATION_FORMAT = dwarf;
				ENABLE_STRICT_OBJC_MSGSEND = YES;
				ENABLE_TESTABILITY = YES;
				GCC_C_LANGUAGE_STANDARD = gnu11;
				GCC_DYNAMIC_NO_PIC = NO;
				GCC_NO_COMMON_BLOCKS = YES;
				GCC_OPTIMIZATION_LEVEL = 0;
				GCC_PREPROCESSOR_DEFINITIONS = (
					"DEBUG=1",
					"$(inherited)",
				);
				GCC_WARN_64_TO_32_BIT_CONVERSION = YES;
				GCC_WARN_ABOUT_RETURN_TYPE = YES_ERROR;
				GCC_WARN_UNDECLARED_SELECTOR = YES;
				GCC_WARN_UNINITIALIZED_AUTOS = YES_AGGRESSIVE;
				GCC_WARN_UNUSED_FUNCTION = YES;
				GCC_WARN_UNUSED_VARIABLE = YES;
				IPHONEOS_DEPLOYMENT_TARGET = 16.0;
				MTL_ENABLE_DEBUG_INFO = INCLUDE_SOURCE;
				MTL_FAST_MATH = YES;
				ONLY_ACTIVE_ARCH = YES;
				SDKROOT = iphoneos;
				SWIFT_ACTIVE_COMPILATION_CONDITIONS = DEBUG;
				SWIFT_OPTIMIZATION_LEVEL = "-Onone";
			};
			name = Debug;
		};
		A14960FC2947685100691087 /* Release */ = {
			isa = XCBuildConfiguration;
			buildSettings = {
				ALWAYS_SEARCH_USER_PATHS = NO;
				CLANG_ANALYZER_NONNULL = YES;
				CLANG_ANALYZER_NUMBER_OBJECT_CONVERSION = YES_AGGRESSIVE;
				CLANG_CXX_LANGUAGE_STANDARD = "gnu++20";
				CLANG_ENABLE_MODULES = YES;
				CLANG_ENABLE_OBJC_ARC = YES;
				CLANG_ENABLE_OBJC_WEAK = YES;
				CLANG_WARN_BLOCK_CAPTURE_AUTORELEASING = YES;
				CLANG_WARN_BOOL_CONVERSION = YES;
				CLANG_WARN_COMMA = YES;
				CLANG_WARN_CONSTANT_CONVERSION = YES;
				CLANG_WARN_DEPRECATED_OBJC_IMPLEMENTATIONS = YES;
				CLANG_WARN_DIRECT_OBJC_ISA_USAGE = YES_ERROR;
				CLANG_WARN_DOCUMENTATION_COMMENTS = YES;
				CLANG_WARN_EMPTY_BODY = YES;
				CLANG_WARN_ENUM_CONVERSION = YES;
				CLANG_WARN_INFINITE_RECURSION = YES;
				CLANG_WARN_INT_CONVERSION = YES;
				CLANG_WARN_NON_LITERAL_NULL_CONVERSION = YES;
				CLANG_WARN_OBJC_IMPLICIT_RETAIN_SELF = YES;
				CLANG_WARN_OBJC_LITERAL_CONVERSION = YES;
				CLANG_WARN_OBJC_ROOT_CLASS = YES_ERROR;
				CLANG_WARN_QUOTED_INCLUDE_IN_FRAMEWORK_HEADER = YES;
				CLANG_WARN_RANGE_LOOP_ANALYSIS = YES;
				CLANG_WARN_STRICT_PROTOTYPES = YES;
				CLANG_WARN_SUSPICIOUS_MOVE = YES;
				CLANG_WARN_UNGUARDED_AVAILABILITY = YES_AGGRESSIVE;
				CLANG_WARN_UNREACHABLE_CODE = YES;
				CLANG_WARN__DUPLICATE_METHOD_MATCH = YES;
				COPY_PHASE_STRIP = NO;
				DEBUG_INFORMATION_FORMAT = "dwarf-with-dsym";
				ENABLE_NS_ASSERTIONS = NO;
				ENABLE_STRICT_OBJC_MSGSEND = YES;
				GCC_C_LANGUAGE_STANDARD = gnu11;
				GCC_NO_COMMON_BLOCKS = YES;
				GCC_WARN_64_TO_32_BIT_CONVERSION = YES;
				GCC_WARN_ABOUT_RETURN_TYPE = YES_ERROR;
				GCC_WARN_UNDECLARED_SELECTOR = YES;
				GCC_WARN_UNINITIALIZED_AUTOS = YES_AGGRESSIVE;
				GCC_WARN_UNUSED_FUNCTION = YES;
				GCC_WARN_UNUSED_VARIABLE = YES;
				IPHONEOS_DEPLOYMENT_TARGET = 16.0;
				MTL_ENABLE_DEBUG_INFO = NO;
				MTL_FAST_MATH = YES;
				SDKROOT = iphoneos;
				SWIFT_COMPILATION_MODE = wholemodule;
				SWIFT_OPTIMIZATION_LEVEL = "-O";
				VALIDATE_PRODUCT = YES;
			};
			name = Release;
		};
		A14960FE2947685100691087 /* Debug */ = {
			isa = XCBuildConfiguration;
			buildSettings = {
				ASSETCATALOG_COMPILER_APPICON_NAME = AppIcon;
				ASSETCATALOG_COMPILER_GLOBAL_ACCENT_COLOR_NAME = AccentColor;
				CODE_SIGN_STYLE = Automatic;
				CURRENT_PROJECT_VERSION = 1;
				DEVELOPMENT_ASSET_PATHS = "\"MediaSearch/Preview Content\"";
				ENABLE_PREVIEWS = YES;
				GENERATE_INFOPLIST_FILE = YES;
				INFOPLIST_KEY_UIApplicationSceneManifest_Generation = YES;
				INFOPLIST_KEY_UIApplicationSupportsIndirectInputEvents = YES;
				INFOPLIST_KEY_UILaunchScreen_Generation = YES;
				INFOPLIST_KEY_UISupportedInterfaceOrientations_iPad = "UIInterfaceOrientationPortrait UIInterfaceOrientationPortraitUpsideDown UIInterfaceOrientationLandscapeLeft UIInterfaceOrientationLandscapeRight";
				INFOPLIST_KEY_UISupportedInterfaceOrientations_iPhone = "UIInterfaceOrientationPortrait UIInterfaceOrientationLandscapeLeft UIInterfaceOrientationLandscapeRight";
				LD_RUNPATH_SEARCH_PATHS = (
					"$(inherited)",
					"@executable_path/Frameworks",
				);
				MARKETING_VERSION = 1.0;
				PRODUCT_BUNDLE_IDENTIFIER = yongmin.MediaSearch;
				PRODUCT_NAME = "$(TARGET_NAME)";
				SWIFT_EMIT_LOC_STRINGS = YES;
				SWIFT_VERSION = 5.0;
				TARGETED_DEVICE_FAMILY = "1,2";
			};
			name = Debug;
		};
		A14960FF2947685100691087 /* Release */ = {
			isa = XCBuildConfiguration;
			buildSettings = {
				ASSETCATALOG_COMPILER_APPICON_NAME = AppIcon;
				ASSETCATALOG_COMPILER_GLOBAL_ACCENT_COLOR_NAME = AccentColor;
				CODE_SIGN_STYLE = Automatic;
				CURRENT_PROJECT_VERSION = 1;
				DEVELOPMENT_ASSET_PATHS = "\"MediaSearch/Preview Content\"";
				ENABLE_PREVIEWS = YES;
				GENERATE_INFOPLIST_FILE = YES;
				INFOPLIST_KEY_UIApplicationSceneManifest_Generation = YES;
				INFOPLIST_KEY_UIApplicationSupportsIndirectInputEvents = YES;
				INFOPLIST_KEY_UILaunchScreen_Generation = YES;
				INFOPLIST_KEY_UISupportedInterfaceOrientations_iPad = "UIInterfaceOrientationPortrait UIInterfaceOrientationPortraitUpsideDown UIInterfaceOrientationLandscapeLeft UIInterfaceOrientationLandscapeRight";
				INFOPLIST_KEY_UISupportedInterfaceOrientations_iPhone = "UIInterfaceOrientationPortrait UIInterfaceOrientationLandscapeLeft UIInterfaceOrientationLandscapeRight";
				LD_RUNPATH_SEARCH_PATHS = (
					"$(inherited)",
					"@executable_path/Frameworks",
				);
				MARKETING_VERSION = 1.0;
				PRODUCT_BUNDLE_IDENTIFIER = yongmin.MediaSearch;
				PRODUCT_NAME = "$(TARGET_NAME)";
				SWIFT_EMIT_LOC_STRINGS = YES;
				SWIFT_VERSION = 5.0;
				TARGETED_DEVICE_FAMILY = "1,2";
			};
			name = Release;
		};
		A14961012947685100691087 /* Debug */ = {
			isa = XCBuildConfiguration;
			buildSettings = {
				ALWAYS_EMBED_SWIFT_STANDARD_LIBRARIES = YES;
				BUNDLE_LOADER = "$(TEST_HOST)";
				CODE_SIGN_STYLE = Automatic;
				CURRENT_PROJECT_VERSION = 1;
				GENERATE_INFOPLIST_FILE = YES;
				IPHONEOS_DEPLOYMENT_TARGET = 16.0;
				MARKETING_VERSION = 1.0;
				PRODUCT_BUNDLE_IDENTIFIER = yongmin.MediaSearchTests;
				PRODUCT_NAME = "$(TARGET_NAME)";
				SWIFT_EMIT_LOC_STRINGS = NO;
				SWIFT_VERSION = 5.0;
				TARGETED_DEVICE_FAMILY = "1,2";
				TEST_HOST = "$(BUILT_PRODUCTS_DIR)/MediaSearch.app/$(BUNDLE_EXECUTABLE_FOLDER_PATH)/MediaSearch";
			};
			name = Debug;
		};
		A14961022947685100691087 /* Release */ = {
			isa = XCBuildConfiguration;
			buildSettings = {
				ALWAYS_EMBED_SWIFT_STANDARD_LIBRARIES = YES;
				BUNDLE_LOADER = "$(TEST_HOST)";
				CODE_SIGN_STYLE = Automatic;
				CURRENT_PROJECT_VERSION = 1;
				GENERATE_INFOPLIST_FILE = YES;
				IPHONEOS_DEPLOYMENT_TARGET = 16.0;
				MARKETING_VERSION = 1.0;
				PRODUCT_BUNDLE_IDENTIFIER = yongmin.MediaSearchTests;
				PRODUCT_NAME = "$(TARGET_NAME)";
				SWIFT_EMIT_LOC_STRINGS = NO;
				SWIFT_VERSION = 5.0;
				TARGETED_DEVICE_FAMILY = "1,2";
				TEST_HOST = "$(BUILT_PRODUCTS_DIR)/MediaSearch.app/$(BUNDLE_EXECUTABLE_FOLDER_PATH)/MediaSearch";
			};
			name = Release;
		};
		A14961042947685100691087 /* Debug */ = {
			isa = XCBuildConfiguration;
			buildSettings = {
				ALWAYS_EMBED_SWIFT_STANDARD_LIBRARIES = YES;
				CODE_SIGN_STYLE = Automatic;
				CURRENT_PROJECT_VERSION = 1;
				GENERATE_INFOPLIST_FILE = YES;
				MARKETING_VERSION = 1.0;
				PRODUCT_BUNDLE_IDENTIFIER = yongmin.MediaSearchUITests;
				PRODUCT_NAME = "$(TARGET_NAME)";
				SWIFT_EMIT_LOC_STRINGS = NO;
				SWIFT_VERSION = 5.0;
				TARGETED_DEVICE_FAMILY = "1,2";
				TEST_TARGET_NAME = MediaSearch;
			};
			name = Debug;
		};
		A14961052947685100691087 /* Release */ = {
			isa = XCBuildConfiguration;
			buildSettings = {
				ALWAYS_EMBED_SWIFT_STANDARD_LIBRARIES = YES;
				CODE_SIGN_STYLE = Automatic;
				CURRENT_PROJECT_VERSION = 1;
				GENERATE_INFOPLIST_FILE = YES;
				MARKETING_VERSION = 1.0;
				PRODUCT_BUNDLE_IDENTIFIER = yongmin.MediaSearchUITests;
				PRODUCT_NAME = "$(TARGET_NAME)";
				SWIFT_EMIT_LOC_STRINGS = NO;
				SWIFT_VERSION = 5.0;
				TARGETED_DEVICE_FAMILY = "1,2";
				TEST_TARGET_NAME = MediaSearch;
			};
			name = Release;
		};
/* End XCBuildConfiguration section */

/* Begin XCConfigurationList section */
		A14960D42947684F00691087 /* Build configuration list for PBXProject "MediaSearch" */ = {
			isa = XCConfigurationList;
			buildConfigurations = (
				A14960FB2947685100691087 /* Debug */,
				A14960FC2947685100691087 /* Release */,
			);
			defaultConfigurationIsVisible = 0;
			defaultConfigurationName = Release;
		};
		A14960FD2947685100691087 /* Build configuration list for PBXNativeTarget "MediaSearch" */ = {
			isa = XCConfigurationList;
			buildConfigurations = (
				A14960FE2947685100691087 /* Debug */,
				A14960FF2947685100691087 /* Release */,
			);
			defaultConfigurationIsVisible = 0;
			defaultConfigurationName = Release;
		};
		A14961002947685100691087 /* Build configuration list for PBXNativeTarget "MediaSearchTests" */ = {
			isa = XCConfigurationList;
			buildConfigurations = (
				A14961012947685100691087 /* Debug */,
				A14961022947685100691087 /* Release */,
			);
			defaultConfigurationIsVisible = 0;
			defaultConfigurationName = Release;
		};
		A14961032947685100691087 /* Build configuration list for PBXNativeTarget "MediaSearchUITests" */ = {
			isa = XCConfigurationList;
			buildConfigurations = (
				A14961042947685100691087 /* Debug */,
				A14961052947685100691087 /* Release */,
			);
			defaultConfigurationIsVisible = 0;
			defaultConfigurationName = Release;
		};
/* End XCConfigurationList section */
	};
	rootObject = A14960D12947684F00691087 /* Project object */;
}
